{
  "name": "typed-xml",
  "version": "1.2.1",
  "lockfileVersion": 3,
  "requires": true,
  "packages": {
    "": {
      "name": "typed-xml",
      "version": "1.2.1",
      "license": "ISC",
      "dependencies": {
        "@types/node": "^18.16.0",
        "@types/sax": "^1.2.4",
        "emittery": "^0.13.1",
        "sax": "^1.2.4"
      }
    },
    "node_modules/@types/node": {
      "version": "18.16.0",
      "resolved": "https://registry.npmjs.org/@types/node/-/node-18.16.0.tgz",
      "integrity": "sha512-BsAaKhB+7X+H4GnSjGhJG9Qi8Tw+inU9nJDwmD5CgOmBLEI6ArdhikpLX7DjbjDRDTbqZzU2LSQNZg8WGPiSZQ=="
    },
    "node_modules/@types/sax": {
      "version": "1.2.4",
      "resolved": "https://registry.npmjs.org/@types/sax/-/sax-1.2.4.tgz",
      "integrity": "sha512-pSAff4IAxJjfAXUG6tFkO7dsSbTmf8CtUpfhhZ5VhkRpC4628tJhh3+V6H1E+/Gs9piSzYKT5yzHO5M4GG9jkw==",
      "dependencies": {
        "@types/node": "*"
      }
    },
    "node_modules/emittery": {
      "version": "0.13.1",
      "resolved": "https://registry.npmjs.org/emittery/-/emittery-0.13.1.tgz",
      "integrity": "sha512-DeWwawk6r5yR9jFgnDKYt4sLS0LmHJJi3ZOnb5/JdbYwj3nW+FxQnHIjhBKz8YLC7oRNPVM9NQ47I3CVx34eqQ==",
      "engines": {
        "node": ">=12"
      },
      "funding": {
        "url": "https://github.com/sindresorhus/emittery?sponsor=1"
      }
    },
    "node_modules/sax": {
      "version": "1.2.4",
      "resolved": "https://registry.npmjs.org/sax/-/sax-1.2.4.tgz",
      "integrity": "sha512-NqVDv9TpANUjFm0N8uM5GxL36UgKi9/atZw+x7YFnQ8ckwFGKrl4xX4yWtrey3UJm5nP1kUbnYgLopqWNSRhWw=="
    }
  }
}
